
Microsoft Visual Studio Solution File, Format Version 12.00
# Visual Studio Version 16
VisualStudioVersion = 16.0.31410.357
MinimumVisualStudioVersion = 10.0.40219.1
Project("{9A19103F-16F7-4668-BE54-9A1E7A4F7556}") = "TradingPolygon", "TradingPolygon\TradingPolygon.csproj", "{7D51E810-1C5E-4697-82DD-062F6E6EBE36}"
EndProject
Project("{00D1A9C2-B5F0-4AF3-8072-F6C62B433612}") = "SqlUserDataDB", "SqlUserDataDB\SqlUserDataDB.sqlproj", "{607E2B64-5AC7-4196-8EAC-95849571C2C0}"
EndProject
Project("{FAE04EC0-301F-11D3-BF4B-00C04F79EFBC}") = "ApiCallLibrary", "ApiCallLibrary\ApiCallLibrary.csproj", "{79AB9943-4D91-4D52-9E8C-000CAF598F72}"
EndProject
Global
	GlobalSection(SolutionConfigurationPlatforms) = preSolution
		Debug|Any CPU = Debug|Any CPU
		Release|Any CPU = Release|Any CPU
	EndGlobalSection
	GlobalSection(ProjectConfigurationPlatforms) = postSolution
		{7D51E810-1C5E-4697-82DD-062F6E6EBE36}.Debug|Any CPU.ActiveCfg = Debug|Any CPU
		{7D51E810-1C5E-4697-82DD-062F6E6EBE36}.Debug|Any CPU.Build.0 = Debug|Any CPU
		{7D51E810-1C5E-4697-82DD-062F6E6EBE36}.Release|Any CPU.ActiveCfg = Release|Any CPU
		{7D51E810-1C5E-4697-82DD-062F6E6EBE36}.Release|Any CPU.Build.0 = Release|Any CPU
		{607E2B64-5AC7-4196-8EAC-95849571C2C0}.Debug|Any CPU.ActiveCfg = Debug|Any CPU
		{607E2B64-5AC7-4196-8EAC-95849571C2C0}.Debug|Any CPU.Build.0 = Debug|Any CPU
		{607E2B64-5AC7-4196-8EAC-95849571C2C0}.Debug|Any CPU.Deploy.0 = Debug|Any CPU
		{607E2B64-5AC7-4196-8EAC-95849571C2C0}.Release|Any CPU.ActiveCfg = Release|Any CPU
		{607E2B64-5AC7-4196-8EAC-95849571C2C0}.Release|Any CPU.Build.0 = Release|Any CPU
		{607E2B64-5AC7-4196-8EAC-95849571C2C0}.Release|Any CPU.Deploy.0 = Release|Any CPU
		{79AB9943-4D91-4D52-9E8C-000CAF598F72}.Debug|Any CPU.ActiveCfg = Debug|Any CPU
		{79AB9943-4D91-4D52-9E8C-000CAF598F72}.Debug|Any CPU.Build.0 = Debug|Any CPU
		{79AB9943-4D91-4D52-9E8C-000CAF598F72}.Release|Any CPU.ActiveCfg = Release|Any CPU
		{79AB9943-4D91-4D52-9E8C-000CAF598F72}.Release|Any CPU.Build.0 = Release|Any CPU
	EndGlobalSection
	GlobalSection(SolutionProperties) = preSolution
		HideSolutionNode = FALSE
	EndGlobalSection
	GlobalSection(ExtensibilityGlobals) = postSolution
		SolutionGuid = {36C80208-846C-4044-8008-9ADC4C89403B}
	EndGlobalSection
EndGlobal
